
Microsoft Visual Studio Solution File, Format Version 12.00
# Visual Studio Version 17
VisualStudioVersion = 17.5.33627.172
MinimumVisualStudioVersion = 10.0.40219.1
Project("{FAE04EC0-301F-11D3-BF4B-00C04F79EFBC}") = "Morph.Lib", "Morph.Lib\Morph.Lib.csproj", "{BEB4AC6B-E128-4293-BB81-5A488318EB93}"
EndProject
Project("{FAE04EC0-301F-11D3-BF4B-00C04F79EFBC}") = "Morph", "Morph\Morph.csproj", "{1F58C983-9537-41D1-8124-2276E1D20EEC}"
EndProject
Project("{FAE04EC0-301F-11D3-BF4B-00C04F79EFBC}") = "Bat.Library.Logging", "..\Bat.Library\Bat.Library.Logging\Bat.Library.Logging.csproj", "{E7790225-AC41-4AA3-961D-6B9E8CD05B7E}"
EndProject
Project("{FAE04EC0-301F-11D3-BF4B-00C04F79EFBC}") = "Morph.Internet", "Morph.Internet\Morph.Internet.csproj", "{F682FB51-1913-43E0-8B0D-796C3430F72E}"
EndProject
Project("{FAE04EC0-301F-11D3-BF4B-00C04F79EFBC}") = "Morph.Sequencing", "Morph.Sequencing\Morph.Sequencing.csproj", "{A9FCDB8A-CCAA-4AC0-A642-CE1844F884A7}"
EndProject
Project("{FAE04EC0-301F-11D3-BF4B-00C04F79EFBC}") = "Morph.Endpoint", "Morph.Endpoint\Morph.Endpoint.csproj", "{54BF704C-D6A6-432D-8E13-C8E1CB4FE602}"
EndProject
Project("{FAE04EC0-301F-11D3-BF4B-00C04F79EFBC}") = "Bat.Library.Service", "..\Bat.Library\Bat.Library.Service\Bat.Library.Service.csproj", "{F9CFA119-BFA9-4CE4-80BD-A83AEF57ECC9}"
EndProject
Project("{FAE04EC0-301F-11D3-BF4B-00C04F79EFBC}") = "Morph.Daemon.Client", "Morph.Daemon.Client\Morph.Daemon.Client.csproj", "{B1C1A1CE-4AE4-421F-886B-32ED8A910EDD}"
EndProject
Project("{FAE04EC0-301F-11D3-BF4B-00C04F79EFBC}") = "Morph.Daemon", "Morph.Daemon\Morph.Daemon.csproj", "{4482B938-FF01-46D0-82B9-C4025DE52D89}"
EndProject
Project("{FAE04EC0-301F-11D3-BF4B-00C04F79EFBC}") = "Morph.Manager", "Morph.Manager\Morph.Manager.csproj", "{55EAFE2D-A11D-40A2-9B82-7CBB6E860201}"
EndProject
Global
	GlobalSection(SolutionConfigurationPlatforms) = preSolution
		Debug|Any CPU = Debug|Any CPU
		Debug|Mixed Platforms = Debug|Mixed Platforms
		Debug|x86 = Debug|x86
		Release|Any CPU = Release|Any CPU
		Release|Mixed Platforms = Release|Mixed Platforms
		Release|x86 = Release|x86
	EndGlobalSection
	GlobalSection(ProjectConfigurationPlatforms) = postSolution
		{BEB4AC6B-E128-4293-BB81-5A488318EB93}.Debug|Any CPU.ActiveCfg = Debug|Any CPU
		{BEB4AC6B-E128-4293-BB81-5A488318EB93}.Debug|Any CPU.Build.0 = Debug|Any CPU
		{BEB4AC6B-E128-4293-BB81-5A488318EB93}.Debug|Mixed Platforms.ActiveCfg = Debug|Any CPU
		{BEB4AC6B-E128-4293-BB81-5A488318EB93}.Debug|Mixed Platforms.Build.0 = Debug|Any CPU
		{BEB4AC6B-E128-4293-BB81-5A488318EB93}.Debug|x86.ActiveCfg = Debug|Any CPU
		{BEB4AC6B-E128-4293-BB81-5A488318EB93}.Release|Any CPU.ActiveCfg = Release|Any CPU
		{BEB4AC6B-E128-4293-BB81-5A488318EB93}.Release|Any CPU.Build.0 = Release|Any CPU
		{BEB4AC6B-E128-4293-BB81-5A488318EB93}.Release|Mixed Platforms.ActiveCfg = Release|Any CPU
		{BEB4AC6B-E128-4293-BB81-5A488318EB93}.Release|Mixed Platforms.Build.0 = Release|Any CPU
		{BEB4AC6B-E128-4293-BB81-5A488318EB93}.Release|x86.ActiveCfg = Release|Any CPU
		{1F58C983-9537-41D1-8124-2276E1D20EEC}.Debug|Any CPU.ActiveCfg = Debug|Any CPU
		{1F58C983-9537-41D1-8124-2276E1D20EEC}.Debug|Any CPU.Build.0 = Debug|Any CPU
		{1F58C983-9537-41D1-8124-2276E1D20EEC}.Debug|Mixed Platforms.ActiveCfg = Debug|Any CPU
		{1F58C983-9537-41D1-8124-2276E1D20EEC}.Debug|Mixed Platforms.Build.0 = Debug|Any CPU
		{1F58C983-9537-41D1-8124-2276E1D20EEC}.Debug|x86.ActiveCfg = Debug|Any CPU
		{1F58C983-9537-41D1-8124-2276E1D20EEC}.Release|Any CPU.ActiveCfg = Release|Any CPU
		{1F58C983-9537-41D1-8124-2276E1D20EEC}.Release|Any CPU.Build.0 = Release|Any CPU
		{1F58C983-9537-41D1-8124-2276E1D20EEC}.Release|Mixed Platforms.ActiveCfg = Release|Any CPU
		{1F58C983-9537-41D1-8124-2276E1D20EEC}.Release|Mixed Platforms.Build.0 = Release|Any CPU
		{1F58C983-9537-41D1-8124-2276E1D20EEC}.Release|x86.ActiveCfg = Release|Any CPU
		{E7790225-AC41-4AA3-961D-6B9E8CD05B7E}.Debug|Any CPU.ActiveCfg = Debug|Any CPU
		{E7790225-AC41-4AA3-961D-6B9E8CD05B7E}.Debug|Any CPU.Build.0 = Debug|Any CPU
		{E7790225-AC41-4AA3-961D-6B9E8CD05B7E}.Debug|Mixed Platforms.ActiveCfg = Debug|Any CPU
		{E7790225-AC41-4AA3-961D-6B9E8CD05B7E}.Debug|Mixed Platforms.Build.0 = Debug|Any CPU
		{E7790225-AC41-4AA3-961D-6B9E8CD05B7E}.Debug|x86.ActiveCfg = Debug|Any CPU
		{E7790225-AC41-4AA3-961D-6B9E8CD05B7E}.Release|Any CPU.ActiveCfg = Release|Any CPU
		{E7790225-AC41-4AA3-961D-6B9E8CD05B7E}.Release|Any CPU.Build.0 = Release|Any CPU
		{E7790225-AC41-4AA3-961D-6B9E8CD05B7E}.Release|Mixed Platforms.ActiveCfg = Release|Any CPU
		{E7790225-AC41-4AA3-961D-6B9E8CD05B7E}.Release|Mixed Platforms.Build.0 = Release|Any CPU
		{E7790225-AC41-4AA3-961D-6B9E8CD05B7E}.Release|x86.ActiveCfg = Release|Any CPU
		{F682FB51-1913-43E0-8B0D-796C3430F72E}.Debug|Any CPU.ActiveCfg = Debug|Any CPU
		{F682FB51-1913-43E0-8B0D-796C3430F72E}.Debug|Any CPU.Build.0 = Debug|Any CPU
		{F682FB51-1913-43E0-8B0D-796C3430F72E}.Debug|Mixed Platforms.ActiveCfg = Debug|Any CPU
		{F682FB51-1913-43E0-8B0D-796C3430F72E}.Debug|Mixed Platforms.Build.0 = Debug|Any CPU
		{F682FB51-1913-43E0-8B0D-796C3430F72E}.Debug|x86.ActiveCfg = Debug|Any CPU
		{F682FB51-1913-43E0-8B0D-796C3430F72E}.Release|Any CPU.ActiveCfg = Release|Any CPU
		{F682FB51-1913-43E0-8B0D-796C3430F72E}.Release|Any CPU.Build.0 = Release|Any CPU
		{F682FB51-1913-43E0-8B0D-796C3430F72E}.Release|Mixed Platforms.ActiveCfg = Release|Any CPU
		{F682FB51-1913-43E0-8B0D-796C3430F72E}.Release|Mixed Platforms.Build.0 = Release|Any CPU
		{F682FB51-1913-43E0-8B0D-796C3430F72E}.Release|x86.ActiveCfg = Release|Any CPU
		{A9FCDB8A-CCAA-4AC0-A642-CE1844F884A7}.Debug|Any CPU.ActiveCfg = Debug|Any CPU
		{A9FCDB8A-CCAA-4AC0-A642-CE1844F884A7}.Debug|Any CPU.Build.0 = Debug|Any CPU
		{A9FCDB8A-CCAA-4AC0-A642-CE1844F884A7}.Debug|Mixed Platforms.ActiveCfg = Debug|Any CPU
		{A9FCDB8A-CCAA-4AC0-A642-CE1844F884A7}.Debug|Mixed Platforms.Build.0 = Debug|Any CPU
		{A9FCDB8A-CCAA-4AC0-A642-CE1844F884A7}.Debug|x86.ActiveCfg = Debug|Any CPU
		{A9FCDB8A-CCAA-4AC0-A642-CE1844F884A7}.Release|Any CPU.ActiveCfg = Release|Any CPU
		{A9FCDB8A-CCAA-4AC0-A642-CE1844F884A7}.Release|Any CPU.Build.0 = Release|Any CPU
		{A9FCDB8A-CCAA-4AC0-A642-CE1844F884A7}.Release|Mixed Platforms.ActiveCfg = Release|Any CPU
		{A9FCDB8A-CCAA-4AC0-A642-CE1844F884A7}.Release|Mixed Platforms.Build.0 = Release|Any CPU
		{A9FCDB8A-CCAA-4AC0-A642-CE1844F884A7}.Release|x86.ActiveCfg = Release|Any CPU
		{54BF704C-D6A6-432D-8E13-C8E1CB4FE602}.Debug|Any CPU.ActiveCfg = Debug|Any CPU
		{54BF704C-D6A6-432D-8E13-C8E1CB4FE602}.Debug|Any CPU.Build.0 = Debug|Any CPU
		{54BF704C-D6A6-432D-8E13-C8E1CB4FE602}.Debug|Mixed Platforms.ActiveCfg = Debug|Any CPU
		{54BF704C-D6A6-432D-8E13-C8E1CB4FE602}.Debug|Mixed Platforms.Build.0 = Debug|Any CPU
		{54BF704C-D6A6-432D-8E13-C8E1CB4FE602}.Debug|x86.ActiveCfg = Debug|Any CPU
		{54BF704C-D6A6-432D-8E13-C8E1CB4FE602}.Release|Any CPU.ActiveCfg = Release|Any CPU
		{54BF704C-D6A6-432D-8E13-C8E1CB4FE602}.Release|Any CPU.Build.0 = Release|Any CPU
		{54BF704C-D6A6-432D-8E13-C8E1CB4FE602}.Release|Mixed Platforms.ActiveCfg = Release|Any CPU
		{54BF704C-D6A6-432D-8E13-C8E1CB4FE602}.Release|Mixed Platforms.Build.0 = Release|Any CPU
		{54BF704C-D6A6-432D-8E13-C8E1CB4FE602}.Release|x86.ActiveCfg = Release|Any CPU
		{F9CFA119-BFA9-4CE4-80BD-A83AEF57ECC9}.Debug|Any CPU.ActiveCfg = Debug|Any CPU
		{F9CFA119-BFA9-4CE4-80BD-A83AEF57ECC9}.Debug|Any CPU.Build.0 = Debug|Any CPU
		{F9CFA119-BFA9-4CE4-80BD-A83AEF57ECC9}.Debug|Mixed Platforms.ActiveCfg = Debug|Any CPU
		{F9CFA119-BFA9-4CE4-80BD-A83AEF57ECC9}.Debug|Mixed Platforms.Build.0 = Debug|Any CPU
		{F9CFA119-BFA9-4CE4-80BD-A83AEF57ECC9}.Debug|x86.ActiveCfg = Debug|Any CPU
		{F9CFA119-BFA9-4CE4-80BD-A83AEF57ECC9}.Release|Any CPU.ActiveCfg = Release|Any CPU
		{F9CFA119-BFA9-4CE4-80BD-A83AEF57ECC9}.Release|Any CPU.Build.0 = Release|Any CPU
		{F9CFA119-BFA9-4CE4-80BD-A83AEF57ECC9}.Release|Mixed Platforms.ActiveCfg = Release|Any CPU
		{F9CFA119-BFA9-4CE4-80BD-A83AEF57ECC9}.Release|Mixed Platforms.Build.0 = Release|Any CPU
		{F9CFA119-BFA9-4CE4-80BD-A83AEF57ECC9}.Release|x86.ActiveCfg = Release|Any CPU
		{B1C1A1CE-4AE4-421F-886B-32ED8A910EDD}.Debug|Any CPU.ActiveCfg = Debug|Any CPU
		{B1C1A1CE-4AE4-421F-886B-32ED8A910EDD}.Debug|Any CPU.Build.0 = Debug|Any CPU
		{B1C1A1CE-4AE4-421F-886B-32ED8A910EDD}.Debug|Mixed Platforms.ActiveCfg = Debug|Any CPU
		{B1C1A1CE-4AE4-421F-886B-32ED8A910EDD}.Debug|Mixed Platforms.Build.0 = Debug|Any CPU
		{B1C1A1CE-4AE4-421F-886B-32ED8A910EDD}.Debug|x86.ActiveCfg = Debug|Any CPU
		{B1C1A1CE-4AE4-421F-886B-32ED8A910EDD}.Release|Any CPU.ActiveCfg = Release|Any CPU
		{B1C1A1CE-4AE4-421F-886B-32ED8A910EDD}.Release|Any CPU.Build.0 = Release|Any CPU
		{B1C1A1CE-4AE4-421F-886B-32ED8A910EDD}.Release|Mixed Platforms.ActiveCfg = Release|Any CPU
		{B1C1A1CE-4AE4-421F-886B-32ED8A910EDD}.Release|Mixed Platforms.Build.0 = Release|Any CPU
		{B1C1A1CE-4AE4-421F-886B-32ED8A910EDD}.Release|x86.ActiveCfg = Release|Any CPU
		{4482B938-FF01-46D0-82B9-C4025DE52D89}.Debug|Any CPU.ActiveCfg = Debug|Any CPU
		{4482B938-FF01-46D0-82B9-C4025DE52D89}.Debug|Any CPU.Build.0 = Debug|Any CPU
		{4482B938-FF01-46D0-82B9-C4025DE52D89}.Debug|Mixed Platforms.ActiveCfg = Debug|Any CPU
		{4482B938-FF01-46D0-82B9-C4025DE52D89}.Debug|Mixed Platforms.Build.0 = Debug|Any CPU
		{4482B938-FF01-46D0-82B9-C4025DE52D89}.Debug|x86.ActiveCfg = Debug|Any CPU
		{4482B938-FF01-46D0-82B9-C4025DE52D89}.Debug|x86.Build.0 = Debug|Any CPU
		{4482B938-FF01-46D0-82B9-C4025DE52D89}.Release|Any CPU.ActiveCfg = Release|Any CPU
		{4482B938-FF01-46D0-82B9-C4025DE52D89}.Release|Any CPU.Build.0 = Release|Any CPU
		{4482B938-FF01-46D0-82B9-C4025DE52D89}.Release|Mixed Platforms.ActiveCfg = Release|Any CPU
		{4482B938-FF01-46D0-82B9-C4025DE52D89}.Release|Mixed Platforms.Build.0 = Release|Any CPU
		{4482B938-FF01-46D0-82B9-C4025DE52D89}.Release|x86.ActiveCfg = Release|Any CPU
		{4482B938-FF01-46D0-82B9-C4025DE52D89}.Release|x86.Build.0 = Release|Any CPU
		{55EAFE2D-A11D-40A2-9B82-7CBB6E860201}.Debug|Any CPU.ActiveCfg = Debug|Any CPU
		{55EAFE2D-A11D-40A2-9B82-7CBB6E860201}.Debug|Any CPU.Build.0 = Debug|Any CPU
		{55EAFE2D-A11D-40A2-9B82-7CBB6E860201}.Debug|Any CPU.Deploy.0 = Debug|Any CPU
		{55EAFE2D-A11D-40A2-9B82-7CBB6E860201}.Debug|Mixed Platforms.ActiveCfg = Debug|Any CPU
		{55EAFE2D-A11D-40A2-9B82-7CBB6E860201}.Debug|Mixed Platforms.Build.0 = Debug|Any CPU
		{55EAFE2D-A11D-40A2-9B82-7CBB6E860201}.Debug|Mixed Platforms.Deploy.0 = Debug|Any CPU
		{55EAFE2D-A11D-40A2-9B82-7CBB6E860201}.Debug|x86.ActiveCfg = Debug|Any CPU
		{55EAFE2D-A11D-40A2-9B82-7CBB6E860201}.Debug|x86.Build.0 = Debug|Any CPU
		{55EAFE2D-A11D-40A2-9B82-7CBB6E860201}.Debug|x86.Deploy.0 = Debug|Any CPU
		{55EAFE2D-A11D-40A2-9B82-7CBB6E860201}.Release|Any CPU.ActiveCfg = Release|Any CPU
		{55EAFE2D-A11D-40A2-9B82-7CBB6E860201}.Release|Any CPU.Build.0 = Release|Any CPU
		{55EAFE2D-A11D-40A2-9B82-7CBB6E860201}.Release|Any CPU.Deploy.0 = Release|Any CPU
		{55EAFE2D-A11D-40A2-9B82-7CBB6E860201}.Release|Mixed Platforms.ActiveCfg = Release|Any CPU
		{55EAFE2D-A11D-40A2-9B82-7CBB6E860201}.Release|Mixed Platforms.Build.0 = Release|Any CPU
		{55EAFE2D-A11D-40A2-9B82-7CBB6E860201}.Release|Mixed Platforms.Deploy.0 = Release|Any CPU
		{55EAFE2D-A11D-40A2-9B82-7CBB6E860201}.Release|x86.ActiveCfg = Release|Any CPU
		{55EAFE2D-A11D-40A2-9B82-7CBB6E860201}.Release|x86.Build.0 = Release|Any CPU
		{55EAFE2D-A11D-40A2-9B82-7CBB6E860201}.Release|x86.Deploy.0 = Release|Any CPU
	EndGlobalSection
	GlobalSection(SolutionProperties) = preSolution
		HideSolutionNode = FALSE
	EndGlobalSection
	GlobalSection(ExtensibilityGlobals) = postSolution
		SolutionGuid = {33F232B1-8BD8-47E4-A749-9171145BDEE5}
	EndGlobalSection
	GlobalSection(MonoDevelopProperties) = preSolution
		StartupItem = Morph.Manager\Morph.Manager.csproj
	EndGlobalSection
EndGlobal
