
Microsoft Visual Studio Solution File, Format Version 12.00
# Visual Studio 15
VisualStudioVersion = 15.0.33919.361
MinimumVisualStudioVersion = 10.0.40219.1
Project("{FAE04EC0-301F-11D3-BF4B-00C04F79EFBC}") = "Clique.Win", "Clique.Win\Clique.Win.csproj", "{68C4B33F-9086-44F1-ADAB-7FE3CE09EC0E}"
EndProject
Project("{FAE04EC0-301F-11D3-BF4B-00C04F79EFBC}") = "Clique.Droid", "Clique.Droid\Clique.Droid.csproj", "{C77FF63D-DB7F-4379-8B19-971694DAF411}"
EndProject
Project("{FAE04EC0-301F-11D3-BF4B-00C04F79EFBC}") = "CliqueInterface", "CliqueInterface\CliqueInterface.csproj", "{8CB6A9A0-AE83-429B-A96A-F74A38628E2D}"
EndProject
Project("{FAE04EC0-301F-11D3-BF4B-00C04F79EFBC}") = "Morph.Endpoint", "..\..\Morph\Morph.Endpoint\Morph.Endpoint.csproj", "{54BF704C-D6A6-432D-8E13-C8E1CB4FE602}"
EndProject
Project("{FAE04EC0-301F-11D3-BF4B-00C04F79EFBC}") = "Morph.Daemon.Client", "..\..\Morph\Morph.Daemon.Client\Morph.Daemon.Client.csproj", "{B1C1A1CE-4AE4-421F-886B-32ED8A910EDD}"
EndProject
Global
	GlobalSection(SolutionConfigurationPlatforms) = preSolution
		Debug|Any CPU = Debug|Any CPU
		Debug|Mixed Platforms = Debug|Mixed Platforms
		Debug|x86 = Debug|x86
		Release|Any CPU = Release|Any CPU
		Release|Mixed Platforms = Release|Mixed Platforms
		Release|x86 = Release|x86
	EndGlobalSection
	GlobalSection(ProjectConfigurationPlatforms) = postSolution
		{68C4B33F-9086-44F1-ADAB-7FE3CE09EC0E}.Debug|Any CPU.ActiveCfg = Debug|x86
		{68C4B33F-9086-44F1-ADAB-7FE3CE09EC0E}.Debug|Mixed Platforms.ActiveCfg = Debug|x86
		{68C4B33F-9086-44F1-ADAB-7FE3CE09EC0E}.Debug|Mixed Platforms.Build.0 = Debug|x86
		{68C4B33F-9086-44F1-ADAB-7FE3CE09EC0E}.Debug|x86.ActiveCfg = Debug|x86
		{68C4B33F-9086-44F1-ADAB-7FE3CE09EC0E}.Debug|x86.Build.0 = Debug|x86
		{68C4B33F-9086-44F1-ADAB-7FE3CE09EC0E}.Release|Any CPU.ActiveCfg = Release|x86
		{68C4B33F-9086-44F1-ADAB-7FE3CE09EC0E}.Release|Mixed Platforms.ActiveCfg = Release|x86
		{68C4B33F-9086-44F1-ADAB-7FE3CE09EC0E}.Release|Mixed Platforms.Build.0 = Release|x86
		{68C4B33F-9086-44F1-ADAB-7FE3CE09EC0E}.Release|x86.ActiveCfg = Release|x86
		{68C4B33F-9086-44F1-ADAB-7FE3CE09EC0E}.Release|x86.Build.0 = Release|x86
		{C77FF63D-DB7F-4379-8B19-971694DAF411}.Debug|Any CPU.ActiveCfg = Debug|Any CPU
		{C77FF63D-DB7F-4379-8B19-971694DAF411}.Debug|Any CPU.Build.0 = Debug|Any CPU
		{C77FF63D-DB7F-4379-8B19-971694DAF411}.Debug|Any CPU.Deploy.0 = Debug|Any CPU
		{C77FF63D-DB7F-4379-8B19-971694DAF411}.Debug|Mixed Platforms.ActiveCfg = Debug|Any CPU
		{C77FF63D-DB7F-4379-8B19-971694DAF411}.Debug|Mixed Platforms.Build.0 = Debug|Any CPU
		{C77FF63D-DB7F-4379-8B19-971694DAF411}.Debug|Mixed Platforms.Deploy.0 = Debug|Any CPU
		{C77FF63D-DB7F-4379-8B19-971694DAF411}.Debug|x86.ActiveCfg = Debug|Any CPU
		{C77FF63D-DB7F-4379-8B19-971694DAF411}.Release|Any CPU.ActiveCfg = Release|Any CPU
		{C77FF63D-DB7F-4379-8B19-971694DAF411}.Release|Any CPU.Build.0 = Release|Any CPU
		{C77FF63D-DB7F-4379-8B19-971694DAF411}.Release|Any CPU.Deploy.0 = Release|Any CPU
		{C77FF63D-DB7F-4379-8B19-971694DAF411}.Release|Mixed Platforms.ActiveCfg = Release|Any CPU
		{C77FF63D-DB7F-4379-8B19-971694DAF411}.Release|Mixed Platforms.Build.0 = Release|Any CPU
		{C77FF63D-DB7F-4379-8B19-971694DAF411}.Release|Mixed Platforms.Deploy.0 = Release|Any CPU
		{C77FF63D-DB7F-4379-8B19-971694DAF411}.Release|x86.ActiveCfg = Release|Any CPU
		{8CB6A9A0-AE83-429B-A96A-F74A38628E2D}.Debug|Any CPU.ActiveCfg = Debug|Any CPU
		{8CB6A9A0-AE83-429B-A96A-F74A38628E2D}.Debug|Any CPU.Build.0 = Debug|Any CPU
		{8CB6A9A0-AE83-429B-A96A-F74A38628E2D}.Debug|Mixed Platforms.ActiveCfg = Debug|Any CPU
		{8CB6A9A0-AE83-429B-A96A-F74A38628E2D}.Debug|Mixed Platforms.Build.0 = Debug|Any CPU
		{8CB6A9A0-AE83-429B-A96A-F74A38628E2D}.Debug|x86.ActiveCfg = Debug|Any CPU
		{8CB6A9A0-AE83-429B-A96A-F74A38628E2D}.Debug|x86.Build.0 = Debug|Any CPU
		{8CB6A9A0-AE83-429B-A96A-F74A38628E2D}.Release|Any CPU.ActiveCfg = Release|Any CPU
		{8CB6A9A0-AE83-429B-A96A-F74A38628E2D}.Release|Any CPU.Build.0 = Release|Any CPU
		{8CB6A9A0-AE83-429B-A96A-F74A38628E2D}.Release|Mixed Platforms.ActiveCfg = Release|Any CPU
		{8CB6A9A0-AE83-429B-A96A-F74A38628E2D}.Release|Mixed Platforms.Build.0 = Release|Any CPU
		{8CB6A9A0-AE83-429B-A96A-F74A38628E2D}.Release|x86.ActiveCfg = Release|Any CPU
		{8CB6A9A0-AE83-429B-A96A-F74A38628E2D}.Release|x86.Build.0 = Release|Any CPU
		{54BF704C-D6A6-432D-8E13-C8E1CB4FE602}.Debug|Any CPU.ActiveCfg = Debug|Any CPU
		{54BF704C-D6A6-432D-8E13-C8E1CB4FE602}.Debug|Any CPU.Build.0 = Debug|Any CPU
		{54BF704C-D6A6-432D-8E13-C8E1CB4FE602}.Debug|Mixed Platforms.ActiveCfg = Debug|Any CPU
		{54BF704C-D6A6-432D-8E13-C8E1CB4FE602}.Debug|Mixed Platforms.Build.0 = Debug|Any CPU
		{54BF704C-D6A6-432D-8E13-C8E1CB4FE602}.Debug|x86.ActiveCfg = Debug|Any CPU
		{54BF704C-D6A6-432D-8E13-C8E1CB4FE602}.Debug|x86.Build.0 = Debug|Any CPU
		{54BF704C-D6A6-432D-8E13-C8E1CB4FE602}.Release|Any CPU.ActiveCfg = Release|Any CPU
		{54BF704C-D6A6-432D-8E13-C8E1CB4FE602}.Release|Any CPU.Build.0 = Release|Any CPU
		{54BF704C-D6A6-432D-8E13-C8E1CB4FE602}.Release|Mixed Platforms.ActiveCfg = Release|Any CPU
		{54BF704C-D6A6-432D-8E13-C8E1CB4FE602}.Release|Mixed Platforms.Build.0 = Release|Any CPU
		{54BF704C-D6A6-432D-8E13-C8E1CB4FE602}.Release|x86.ActiveCfg = Release|Any CPU
		{54BF704C-D6A6-432D-8E13-C8E1CB4FE602}.Release|x86.Build.0 = Release|Any CPU
		{B1C1A1CE-4AE4-421F-886B-32ED8A910EDD}.Debug|Any CPU.ActiveCfg = Debug|Any CPU
		{B1C1A1CE-4AE4-421F-886B-32ED8A910EDD}.Debug|Any CPU.Build.0 = Debug|Any CPU
		{B1C1A1CE-4AE4-421F-886B-32ED8A910EDD}.Debug|Mixed Platforms.ActiveCfg = Debug|Any CPU
		{B1C1A1CE-4AE4-421F-886B-32ED8A910EDD}.Debug|Mixed Platforms.Build.0 = Debug|Any CPU
		{B1C1A1CE-4AE4-421F-886B-32ED8A910EDD}.Debug|x86.ActiveCfg = Debug|Any CPU
		{B1C1A1CE-4AE4-421F-886B-32ED8A910EDD}.Debug|x86.Build.0 = Debug|Any CPU
		{B1C1A1CE-4AE4-421F-886B-32ED8A910EDD}.Release|Any CPU.ActiveCfg = Release|Any CPU
		{B1C1A1CE-4AE4-421F-886B-32ED8A910EDD}.Release|Any CPU.Build.0 = Release|Any CPU
		{B1C1A1CE-4AE4-421F-886B-32ED8A910EDD}.Release|Mixed Platforms.ActiveCfg = Release|Any CPU
		{B1C1A1CE-4AE4-421F-886B-32ED8A910EDD}.Release|Mixed Platforms.Build.0 = Release|Any CPU
		{B1C1A1CE-4AE4-421F-886B-32ED8A910EDD}.Release|x86.ActiveCfg = Release|Any CPU
		{B1C1A1CE-4AE4-421F-886B-32ED8A910EDD}.Release|x86.Build.0 = Release|Any CPU
	EndGlobalSection
	GlobalSection(SolutionProperties) = preSolution
		HideSolutionNode = FALSE
	EndGlobalSection
	GlobalSection(ExtensibilityGlobals) = postSolution
		SolutionGuid = {EB0CEC9B-F4BF-4308-9A76-58598A959E50}
	EndGlobalSection
EndGlobal
